// !$*UTF8*$!
{
	archiveVersion = 1;
	classes = {
	};
	objectVersion = 56;
	objects = {

/* Begin PBXBuildFile section */
		E48131982C6CA80200A72BEF /* MyProfileViewModel.swift in Sources */ = {isa = PBXBuildFile; fileRef = E48131972C6CA80200A72BEF /* MyProfileViewModel.swift */; };
		E481319A2C6CAA6600A72BEF /* MyProfileMenuType.swift in Sources */ = {isa = PBXBuildFile; fileRef = E48131992C6CAA6600A72BEF /* MyProfileMenuType.swift */; };
		E481319F2C6CB1FB00A72BEF /* MyProfileDescEditView.swift in Sources */ = {isa = PBXBuildFile; fileRef = E481319E2C6CB1FB00A72BEF /* MyProfileDescEditView.swift */; };
		E48131A32C6CFABB00A72BEF /* PhotoPickerService.swift in Sources */ = {isa = PBXBuildFile; fileRef = E48131A22C6CFABB00A72BEF /* PhotoPickerService.swift */; };
		E48131A62C6CFBB500A72BEF /* PhotoImage.swift in Sources */ = {isa = PBXBuildFile; fileRef = E48131A52C6CFBB500A72BEF /* PhotoImage.swift */; };
		E48131AE2C72435400A72BEF /* FirebaseStorage in Frameworks */ = {isa = PBXBuildFile; productRef = E48131AD2C72435400A72BEF /* FirebaseStorage */; };
		E48131B02C72435400A72BEF /* FirebaseStorageCombine-Community in Frameworks */ = {isa = PBXBuildFile; productRef = E48131AF2C72435400A72BEF /* FirebaseStorageCombine-Community */; };
		E48131B62C7243C800A72BEF /* UploadProvider.swift in Sources */ = {isa = PBXBuildFile; fileRef = E48131B52C7243C800A72BEF /* UploadProvider.swift */; };
		E48131B82C72443600A72BEF /* UploadService.swift in Sources */ = {isa = PBXBuildFile; fileRef = E48131B72C72443600A72BEF /* UploadService.swift */; };
		E48131BB2C7244DB00A72BEF /* UploadSourceType.swift in Sources */ = {isa = PBXBuildFile; fileRef = E48131BA2C7244DB00A72BEF /* UploadSourceType.swift */; };
		E48131BF2C73223000A72BEF /* ImageCacheService.swift in Sources */ = {isa = PBXBuildFile; fileRef = E48131BE2C73223000A72BEF /* ImageCacheService.swift */; };
		E48131C22C7322CB00A72BEF /* MemoryStorage.swift in Sources */ = {isa = PBXBuildFile; fileRef = E48131C12C7322CB00A72BEF /* MemoryStorage.swift */; };
		E48131C42C73238A00A72BEF /* DiskStorage.swift in Sources */ = {isa = PBXBuildFile; fileRef = E48131C32C73238A00A72BEF /* DiskStorage.swift */; };
		E48131C62C732A3F00A72BEF /* URLImageView.swift in Sources */ = {isa = PBXBuildFile; fileRef = E48131C52C732A3F00A72BEF /* URLImageView.swift */; };
		E48131C92C732A6000A72BEF /* URLImageViewModel.swift in Sources */ = {isa = PBXBuildFile; fileRef = E48131C82C732A6000A72BEF /* URLImageViewModel.swift */; };
		E4EA253D2C857AB800DC5D55 /* OtherProfileViewModel.swift in Sources */ = {isa = PBXBuildFile; fileRef = E4EA253C2C857AB800DC5D55 /* OtherProfileViewModel.swift */; };
		E4EA253F2C857CEB00DC5D55 /* OtherProfileMenuType.swift in Sources */ = {isa = PBXBuildFile; fileRef = E4EA253E2C857CEB00DC5D55 /* OtherProfileMenuType.swift */; };
		E4EA25412C85828D00DC5D55 /* ChatRoomDBRepository.swift in Sources */ = {isa = PBXBuildFile; fileRef = E4EA25402C85828D00DC5D55 /* ChatRoomDBRepository.swift */; };
		E4EA25432C8582E500DC5D55 /* ChatRoomObject.swift in Sources */ = {isa = PBXBuildFile; fileRef = E4EA25422C8582E500DC5D55 /* ChatRoomObject.swift */; };
		E4EA25462C85846E00DC5D55 /* ChatRoomService.swift in Sources */ = {isa = PBXBuildFile; fileRef = E4EA25452C85846E00DC5D55 /* ChatRoomService.swift */; };
		E4EA25482C85850000DC5D55 /* ChatRoom.swift in Sources */ = {isa = PBXBuildFile; fileRef = E4EA25472C85850000DC5D55 /* ChatRoom.swift */; };
		E4EA254B2C8587CD00DC5D55 /* NavigationDestination.swift in Sources */ = {isa = PBXBuildFile; fileRef = E4EA254A2C8587CD00DC5D55 /* NavigationDestination.swift */; };
		E4EA254D2C858C6D00DC5D55 /* NavigationRouter.swift in Sources */ = {isa = PBXBuildFile; fileRef = E4EA254C2C858C6D00DC5D55 /* NavigationRouter.swift */; };
		E4EA25512C858E3600DC5D55 /* ChatView.swift in Sources */ = {isa = PBXBuildFile; fileRef = E4EA25502C858E3600DC5D55 /* ChatView.swift */; };
		E4EA25532C858E4E00DC5D55 /* SearchView.swift in Sources */ = {isa = PBXBuildFile; fileRef = E4EA25522C858E4E00DC5D55 /* SearchView.swift */; };
		E4F56B2A2C60E42A00FE4DDF /* MessengerAppApp.swift in Sources */ = {isa = PBXBuildFile; fileRef = E4F56B292C60E42A00FE4DDF /* MessengerAppApp.swift */; };
		E4F56B2C2C60E42A00FE4DDF /* AuthenticatedView.swift in Sources */ = {isa = PBXBuildFile; fileRef = E4F56B2B2C60E42A00FE4DDF /* AuthenticatedView.swift */; };
		E4F56B2E2C60E42C00FE4DDF /* Assets.xcassets in Resources */ = {isa = PBXBuildFile; fileRef = E4F56B2D2C60E42C00FE4DDF /* Assets.xcassets */; };
		E4F56B312C60E42C00FE4DDF /* Preview Assets.xcassets in Resources */ = {isa = PBXBuildFile; fileRef = E4F56B302C60E42C00FE4DDF /* Preview Assets.xcassets */; };
		E4F56B382C620ECE00FE4DDF /* Colors.xcassets in Resources */ = {isa = PBXBuildFile; fileRef = E4F56B372C620ECE00FE4DDF /* Colors.xcassets */; };
		E4F56B3C2C62148800FE4DDF /* Color + Extension.swift in Sources */ = {isa = PBXBuildFile; fileRef = E4F56B3B2C62148800FE4DDF /* Color + Extension.swift */; };
		E4F56B3F2C6215A400FE4DDF /* Launch Screen.storyboard in Resources */ = {isa = PBXBuildFile; fileRef = E4F56B3E2C6215A400FE4DDF /* Launch Screen.storyboard */; };
		E4F56B422C621DC100FE4DDF /* DIContainer.swift in Sources */ = {isa = PBXBuildFile; fileRef = E4F56B412C621DC100FE4DDF /* DIContainer.swift */; };
		E4F56B452C621DE600FE4DDF /* Services.swift in Sources */ = {isa = PBXBuildFile; fileRef = E4F56B442C621DE600FE4DDF /* Services.swift */; };
		E4F56B492C621E9E00FE4DDF /* AuthenticatedViewModel.swift in Sources */ = {isa = PBXBuildFile; fileRef = E4F56B482C621E9E00FE4DDF /* AuthenticatedViewModel.swift */; };
		E4F56BAF2C63602C00FE4DDF /* FirebaseAuth in Frameworks */ = {isa = PBXBuildFile; productRef = E4F56BAE2C63602C00FE4DDF /* FirebaseAuth */; };
		E4F56BB12C63602C00FE4DDF /* FirebaseFirestore in Frameworks */ = {isa = PBXBuildFile; productRef = E4F56BB02C63602C00FE4DDF /* FirebaseFirestore */; };
		E4F56BB32C63604700FE4DDF /* AppDelegate.swift in Sources */ = {isa = PBXBuildFile; fileRef = E4F56BB22C63604700FE4DDF /* AppDelegate.swift */; };
		E4F56BB72C6362DF00FE4DDF /* AuthenticationService.swift in Sources */ = {isa = PBXBuildFile; fileRef = E4F56BB62C6362DF00FE4DDF /* AuthenticationService.swift */; };
		E4F56BBB2C63659600FE4DDF /* LoginIntroView.swift in Sources */ = {isa = PBXBuildFile; fileRef = E4F56BBA2C63659600FE4DDF /* LoginIntroView.swift */; };
		E4F56BBD2C6365A800FE4DDF /* MainTabView.swift in Sources */ = {isa = PBXBuildFile; fileRef = E4F56BBC2C6365A800FE4DDF /* MainTabView.swift */; };
		E4F56BC12C636DF600FE4DDF /* LoginView.swift in Sources */ = {isa = PBXBuildFile; fileRef = E4F56BC02C636DF600FE4DDF /* LoginView.swift */; };
		E4F56BC32C6492ED00FE4DDF /* LoginButtonStyle.swift in Sources */ = {isa = PBXBuildFile; fileRef = E4F56BC22C6492ED00FE4DDF /* LoginButtonStyle.swift */; };
		E4F56BC62C649B8C00FE4DDF /* GoogleSignIn in Frameworks */ = {isa = PBXBuildFile; productRef = E4F56BC52C649B8C00FE4DDF /* GoogleSignIn */; };
		E4F56BC82C649B8C00FE4DDF /* GoogleSignInSwift in Frameworks */ = {isa = PBXBuildFile; productRef = E4F56BC72C649B8C00FE4DDF /* GoogleSignInSwift */; };
		E4F56BCB2C649D8100FE4DDF /* User.swift in Sources */ = {isa = PBXBuildFile; fileRef = E4F56BCA2C649D8100FE4DDF /* User.swift */; };
		E4F56BCD2C649DE300FE4DDF /* ServiceError.swift in Sources */ = {isa = PBXBuildFile; fileRef = E4F56BCC2C649DE300FE4DDF /* ServiceError.swift */; };
		E4F56BD12C65F78100FE4DDF /* randomNonceString.swift in Sources */ = {isa = PBXBuildFile; fileRef = E4F56BD02C65F78100FE4DDF /* randomNonceString.swift */; };
		E4F56BD32C65F7A000FE4DDF /* sha256.swift in Sources */ = {isa = PBXBuildFile; fileRef = E4F56BD22C65F7A000FE4DDF /* sha256.swift */; };
		E4F56BD72C673C6E00FE4DDF /* MainTabType.swift in Sources */ = {isa = PBXBuildFile; fileRef = E4F56BD62C673C6E00FE4DDF /* MainTabType.swift */; };
		E4F56BDA2C673DAC00FE4DDF /* HomeView.swift in Sources */ = {isa = PBXBuildFile; fileRef = E4F56BD92C673DAC00FE4DDF /* HomeView.swift */; };
		E4F56BDD2C673DE000FE4DDF /* ChatListiView.swift in Sources */ = {isa = PBXBuildFile; fileRef = E4F56BDC2C673DE000FE4DDF /* ChatListiView.swift */; };
		E4F56BDF2C67406A00FE4DDF /* HomeViewModel.swift in Sources */ = {isa = PBXBuildFile; fileRef = E4F56BDE2C67406A00FE4DDF /* HomeViewModel.swift */; };
		E4F56BE22C674A4400FE4DDF /* FirebaseDatabase in Frameworks */ = {isa = PBXBuildFile; productRef = E4F56BE12C674A4400FE4DDF /* FirebaseDatabase */; };
		E4F56BE52C674DC600FE4DDF /* UserDBRepository.swift in Sources */ = {isa = PBXBuildFile; fileRef = E4F56BE42C674DC600FE4DDF /* UserDBRepository.swift */; };
		E4F56BE72C674DE900FE4DDF /* UserService.swift in Sources */ = {isa = PBXBuildFile; fileRef = E4F56BE62C674DE800FE4DDF /* UserService.swift */; };
		E4F56BEA2C6753A700FE4DDF /* UserObject.swift in Sources */ = {isa = PBXBuildFile; fileRef = E4F56BE92C6753A700FE4DDF /* UserObject.swift */; };
		E4F56BEC2C6753F800FE4DDF /* DBError.swift in Sources */ = {isa = PBXBuildFile; fileRef = E4F56BEB2C6753F700FE4DDF /* DBError.swift */; };
		E4F56BEE2C67555800FE4DDF /* Constant.swift in Sources */ = {isa = PBXBuildFile; fileRef = E4F56BED2C67555800FE4DDF /* Constant.swift */; };
		E4F56BF42C6BB36D00FE4DDF /* Phase.swift in Sources */ = {isa = PBXBuildFile; fileRef = E4F56BF32C6BB36D00FE4DDF /* Phase.swift */; };
		E4F56BF72C6BB4F600FE4DDF /* PlaceholderView.swift in Sources */ = {isa = PBXBuildFile; fileRef = E4F56BF62C6BB4F600FE4DDF /* PlaceholderView.swift */; };
		E4F56BF92C6BB54800FE4DDF /* LoadingView.swift in Sources */ = {isa = PBXBuildFile; fileRef = E4F56BF82C6BB54800FE4DDF /* LoadingView.swift */; };
		E4F56BFB2C6BB5BE00FE4DDF /* ErrorView.swift in Sources */ = {isa = PBXBuildFile; fileRef = E4F56BFA2C6BB5BE00FE4DDF /* ErrorView.swift */; };
		E4F56BFD2C6BB7DD00FE4DDF /* HomeModalDestination.swift in Sources */ = {isa = PBXBuildFile; fileRef = E4F56BFC2C6BB7DD00FE4DDF /* HomeModalDestination.swift */; };
		E4F56C002C6BB94E00FE4DDF /* MyProfileView.swift in Sources */ = {isa = PBXBuildFile; fileRef = E4F56BFF2C6BB94D00FE4DDF /* MyProfileView.swift */; };
		E4F56C022C6BB95D00FE4DDF /* OtherProfileView.swift in Sources */ = {isa = PBXBuildFile; fileRef = E4F56C012C6BB95D00FE4DDF /* OtherProfileView.swift */; };
		E4F56C062C6C925100FE4DDF /* ContactService.swift in Sources */ = {isa = PBXBuildFile; fileRef = E4F56C052C6C925100FE4DDF /* ContactService.swift */; };
/* End PBXBuildFile section */

/* Begin PBXFileReference section */
		E48131972C6CA80200A72BEF /* MyProfileViewModel.swift */ = {isa = PBXFileReference; lastKnownFileType = sourcecode.swift; path = MyProfileViewModel.swift; sourceTree = "<group>"; };
		E48131992C6CAA6600A72BEF /* MyProfileMenuType.swift */ = {isa = PBXFileReference; lastKnownFileType = sourcecode.swift; path = MyProfileMenuType.swift; sourceTree = "<group>"; };
		E481319E2C6CB1FB00A72BEF /* MyProfileDescEditView.swift */ = {isa = PBXFileReference; lastKnownFileType = sourcecode.swift; path = MyProfileDescEditView.swift; sourceTree = "<group>"; };
		E48131A22C6CFABB00A72BEF /* PhotoPickerService.swift */ = {isa = PBXFileReference; lastKnownFileType = sourcecode.swift; path = PhotoPickerService.swift; sourceTree = "<group>"; };
		E48131A52C6CFBB500A72BEF /* PhotoImage.swift */ = {isa = PBXFileReference; lastKnownFileType = sourcecode.swift; path = PhotoImage.swift; sourceTree = "<group>"; };
		E48131B52C7243C800A72BEF /* UploadProvider.swift */ = {isa = PBXFileReference; lastKnownFileType = sourcecode.swift; path = UploadProvider.swift; sourceTree = "<group>"; };
		E48131B72C72443600A72BEF /* UploadService.swift */ = {isa = PBXFileReference; lastKnownFileType = sourcecode.swift; path = UploadService.swift; sourceTree = "<group>"; };
		E48131BA2C7244DB00A72BEF /* UploadSourceType.swift */ = {isa = PBXFileReference; lastKnownFileType = sourcecode.swift; path = UploadSourceType.swift; sourceTree = "<group>"; };
		E48131BE2C73223000A72BEF /* ImageCacheService.swift */ = {isa = PBXFileReference; lastKnownFileType = sourcecode.swift; path = ImageCacheService.swift; sourceTree = "<group>"; };
		E48131C12C7322CB00A72BEF /* MemoryStorage.swift */ = {isa = PBXFileReference; lastKnownFileType = sourcecode.swift; path = MemoryStorage.swift; sourceTree = "<group>"; };
		E48131C32C73238A00A72BEF /* DiskStorage.swift */ = {isa = PBXFileReference; lastKnownFileType = sourcecode.swift; path = DiskStorage.swift; sourceTree = "<group>"; };
		E48131C52C732A3F00A72BEF /* URLImageView.swift */ = {isa = PBXFileReference; lastKnownFileType = sourcecode.swift; path = URLImageView.swift; sourceTree = "<group>"; };
		E48131C82C732A6000A72BEF /* URLImageViewModel.swift */ = {isa = PBXFileReference; lastKnownFileType = sourcecode.swift; path = URLImageViewModel.swift; sourceTree = "<group>"; };
		E4EA253C2C857AB800DC5D55 /* OtherProfileViewModel.swift */ = {isa = PBXFileReference; lastKnownFileType = sourcecode.swift; path = OtherProfileViewModel.swift; sourceTree = "<group>"; };
		E4EA253E2C857CEB00DC5D55 /* OtherProfileMenuType.swift */ = {isa = PBXFileReference; lastKnownFileType = sourcecode.swift; path = OtherProfileMenuType.swift; sourceTree = "<group>"; };
		E4EA25402C85828D00DC5D55 /* ChatRoomDBRepository.swift */ = {isa = PBXFileReference; lastKnownFileType = sourcecode.swift; path = ChatRoomDBRepository.swift; sourceTree = "<group>"; };
		E4EA25422C8582E500DC5D55 /* ChatRoomObject.swift */ = {isa = PBXFileReference; lastKnownFileType = sourcecode.swift; path = ChatRoomObject.swift; sourceTree = "<group>"; };
		E4EA25452C85846E00DC5D55 /* ChatRoomService.swift */ = {isa = PBXFileReference; lastKnownFileType = sourcecode.swift; path = ChatRoomService.swift; sourceTree = "<group>"; };
		E4EA25472C85850000DC5D55 /* ChatRoom.swift */ = {isa = PBXFileReference; lastKnownFileType = sourcecode.swift; path = ChatRoom.swift; sourceTree = "<group>"; };
		E4EA254A2C8587CD00DC5D55 /* NavigationDestination.swift */ = {isa = PBXFileReference; lastKnownFileType = sourcecode.swift; path = NavigationDestination.swift; sourceTree = "<group>"; };
		E4EA254C2C858C6D00DC5D55 /* NavigationRouter.swift */ = {isa = PBXFileReference; lastKnownFileType = sourcecode.swift; path = NavigationRouter.swift; sourceTree = "<group>"; };
		E4EA25502C858E3600DC5D55 /* ChatView.swift */ = {isa = PBXFileReference; lastKnownFileType = sourcecode.swift; path = ChatView.swift; sourceTree = "<group>"; };
		E4EA25522C858E4E00DC5D55 /* SearchView.swift */ = {isa = PBXFileReference; lastKnownFileType = sourcecode.swift; path = SearchView.swift; sourceTree = "<group>"; };
		E4F56B262C60E42A00FE4DDF /* MessengerApp.app */ = {isa = PBXFileReference; explicitFileType = wrapper.application; includeInIndex = 0; path = MessengerApp.app; sourceTree = BUILT_PRODUCTS_DIR; };
		E4F56B292C60E42A00FE4DDF /* MessengerAppApp.swift */ = {isa = PBXFileReference; lastKnownFileType = sourcecode.swift; path = MessengerAppApp.swift; sourceTree = "<group>"; };
		E4F56B2B2C60E42A00FE4DDF /* AuthenticatedView.swift */ = {isa = PBXFileReference; lastKnownFileType = sourcecode.swift; path = AuthenticatedView.swift; sourceTree = "<group>"; };
		E4F56B2D2C60E42C00FE4DDF /* Assets.xcassets */ = {isa = PBXFileReference; lastKnownFileType = folder.assetcatalog; path = Assets.xcassets; sourceTree = "<group>"; };
		E4F56B302C60E42C00FE4DDF /* Preview Assets.xcassets */ = {isa = PBXFileReference; lastKnownFileType = folder.assetcatalog; path = "Preview Assets.xcassets"; sourceTree = "<group>"; };
		E4F56B372C620ECE00FE4DDF /* Colors.xcassets */ = {isa = PBXFileReference; lastKnownFileType = folder.assetcatalog; path = Colors.xcassets; sourceTree = "<group>"; };
		E4F56B3B2C62148800FE4DDF /* Color + Extension.swift */ = {isa = PBXFileReference; lastKnownFileType = sourcecode.swift; path = "Color + Extension.swift"; sourceTree = "<group>"; };
		E4F56B3D2C62154500FE4DDF /* Info.plist */ = {isa = PBXFileReference; lastKnownFileType = text.plist; path = Info.plist; sourceTree = "<group>"; };
		E4F56B3E2C6215A400FE4DDF /* Launch Screen.storyboard */ = {isa = PBXFileReference; lastKnownFileType = file.storyboard; path = "Launch Screen.storyboard"; sourceTree = "<group>"; };
		E4F56B412C621DC100FE4DDF /* DIContainer.swift */ = {isa = PBXFileReference; lastKnownFileType = sourcecode.swift; path = DIContainer.swift; sourceTree = "<group>"; };
		E4F56B442C621DE600FE4DDF /* Services.swift */ = {isa = PBXFileReference; lastKnownFileType = sourcecode.swift; path = Services.swift; sourceTree = "<group>"; };
		E4F56B482C621E9E00FE4DDF /* AuthenticatedViewModel.swift */ = {isa = PBXFileReference; lastKnownFileType = sourcecode.swift; path = AuthenticatedViewModel.swift; sourceTree = "<group>"; };
		E4F56BB22C63604700FE4DDF /* AppDelegate.swift */ = {isa = PBXFileReference; lastKnownFileType = sourcecode.swift; path = AppDelegate.swift; sourceTree = "<group>"; };
		E4F56BB62C6362DF00FE4DDF /* AuthenticationService.swift */ = {isa = PBXFileReference; lastKnownFileType = sourcecode.swift; path = AuthenticationService.swift; sourceTree = "<group>"; };
		E4F56BBA2C63659600FE4DDF /* LoginIntroView.swift */ = {isa = PBXFileReference; lastKnownFileType = sourcecode.swift; path = LoginIntroView.swift; sourceTree = "<group>"; };
		E4F56BBC2C6365A800FE4DDF /* MainTabView.swift */ = {isa = PBXFileReference; lastKnownFileType = sourcecode.swift; path = MainTabView.swift; sourceTree = "<group>"; };
		E4F56BC02C636DF600FE4DDF /* LoginView.swift */ = {isa = PBXFileReference; lastKnownFileType = sourcecode.swift; path = LoginView.swift; sourceTree = "<group>"; };
		E4F56BC22C6492ED00FE4DDF /* LoginButtonStyle.swift */ = {isa = PBXFileReference; lastKnownFileType = sourcecode.swift; path = LoginButtonStyle.swift; sourceTree = "<group>"; };
		E4F56BCA2C649D8100FE4DDF /* User.swift */ = {isa = PBXFileReference; lastKnownFileType = sourcecode.swift; path = User.swift; sourceTree = "<group>"; };
		E4F56BCC2C649DE300FE4DDF /* ServiceError.swift */ = {isa = PBXFileReference; lastKnownFileType = sourcecode.swift; path = ServiceError.swift; sourceTree = "<group>"; };
		E4F56BCE2C65F54700FE4DDF /* MessengerApp.entitlements */ = {isa = PBXFileReference; lastKnownFileType = text.plist.entitlements; path = MessengerApp.entitlements; sourceTree = "<group>"; };
		E4F56BD02C65F78100FE4DDF /* randomNonceString.swift */ = {isa = PBXFileReference; lastKnownFileType = sourcecode.swift; path = randomNonceString.swift; sourceTree = "<group>"; };
		E4F56BD22C65F7A000FE4DDF /* sha256.swift */ = {isa = PBXFileReference; lastKnownFileType = sourcecode.swift; path = sha256.swift; sourceTree = "<group>"; };
		E4F56BD62C673C6E00FE4DDF /* MainTabType.swift */ = {isa = PBXFileReference; lastKnownFileType = sourcecode.swift; path = MainTabType.swift; sourceTree = "<group>"; };
		E4F56BD92C673DAC00FE4DDF /* HomeView.swift */ = {isa = PBXFileReference; lastKnownFileType = sourcecode.swift; path = HomeView.swift; sourceTree = "<group>"; };
		E4F56BDC2C673DE000FE4DDF /* ChatListiView.swift */ = {isa = PBXFileReference; lastKnownFileType = sourcecode.swift; path = ChatListiView.swift; sourceTree = "<group>"; };
		E4F56BDE2C67406A00FE4DDF /* HomeViewModel.swift */ = {isa = PBXFileReference; lastKnownFileType = sourcecode.swift; path = HomeViewModel.swift; sourceTree = "<group>"; };
		E4F56BE42C674DC600FE4DDF /* UserDBRepository.swift */ = {isa = PBXFileReference; lastKnownFileType = sourcecode.swift; path = UserDBRepository.swift; sourceTree = "<group>"; };
		E4F56BE62C674DE800FE4DDF /* UserService.swift */ = {isa = PBXFileReference; lastKnownFileType = sourcecode.swift; path = UserService.swift; sourceTree = "<group>"; };
		E4F56BE92C6753A700FE4DDF /* UserObject.swift */ = {isa = PBXFileReference; lastKnownFileType = sourcecode.swift; path = UserObject.swift; sourceTree = "<group>"; };
		E4F56BEB2C6753F700FE4DDF /* DBError.swift */ = {isa = PBXFileReference; lastKnownFileType = sourcecode.swift; path = DBError.swift; sourceTree = "<group>"; };
		E4F56BED2C67555800FE4DDF /* Constant.swift */ = {isa = PBXFileReference; lastKnownFileType = sourcecode.swift; path = Constant.swift; sourceTree = "<group>"; };
		E4F56BF32C6BB36D00FE4DDF /* Phase.swift */ = {isa = PBXFileReference; lastKnownFileType = sourcecode.swift; path = Phase.swift; sourceTree = "<group>"; };
		E4F56BF62C6BB4F600FE4DDF /* PlaceholderView.swift */ = {isa = PBXFileReference; lastKnownFileType = sourcecode.swift; path = PlaceholderView.swift; sourceTree = "<group>"; };
		E4F56BF82C6BB54800FE4DDF /* LoadingView.swift */ = {isa = PBXFileReference; lastKnownFileType = sourcecode.swift; path = LoadingView.swift; sourceTree = "<group>"; };
		E4F56BFA2C6BB5BE00FE4DDF /* ErrorView.swift */ = {isa = PBXFileReference; lastKnownFileType = sourcecode.swift; path = ErrorView.swift; sourceTree = "<group>"; };
		E4F56BFC2C6BB7DD00FE4DDF /* HomeModalDestination.swift */ = {isa = PBXFileReference; lastKnownFileType = sourcecode.swift; path = HomeModalDestination.swift; sourceTree = "<group>"; };
		E4F56BFF2C6BB94D00FE4DDF /* MyProfileView.swift */ = {isa = PBXFileReference; lastKnownFileType = sourcecode.swift; path = MyProfileView.swift; sourceTree = "<group>"; };
		E4F56C012C6BB95D00FE4DDF /* OtherProfileView.swift */ = {isa = PBXFileReference; lastKnownFileType = sourcecode.swift; path = OtherProfileView.swift; sourceTree = "<group>"; };
		E4F56C052C6C925100FE4DDF /* ContactService.swift */ = {isa = PBXFileReference; lastKnownFileType = sourcecode.swift; path = ContactService.swift; sourceTree = "<group>"; };
/* End PBXFileReference section */

/* Begin PBXFrameworksBuildPhase section */
		E4F56B232C60E42A00FE4DDF /* Frameworks */ = {
			isa = PBXFrameworksBuildPhase;
			buildActionMask = 2147483647;
			files = (
				E4F56BE22C674A4400FE4DDF /* FirebaseDatabase in Frameworks */,
				E48131B02C72435400A72BEF /* FirebaseStorageCombine-Community in Frameworks */,
				E4F56BAF2C63602C00FE4DDF /* FirebaseAuth in Frameworks */,
				E4F56BB12C63602C00FE4DDF /* FirebaseFirestore in Frameworks */,
				E4F56BC62C649B8C00FE4DDF /* GoogleSignIn in Frameworks */,
				E4F56BC82C649B8C00FE4DDF /* GoogleSignInSwift in Frameworks */,
				E48131AE2C72435400A72BEF /* FirebaseStorage in Frameworks */,
			);
			runOnlyForDeploymentPostprocessing = 0;
		};
/* End PBXFrameworksBuildPhase section */

/* Begin PBXGroup section */
		E481319B2C6CAA9200A72BEF /* MyProfile */ = {
			isa = PBXGroup;
			children = (
				E4F56BFF2C6BB94D00FE4DDF /* MyProfileView.swift */,
				E48131972C6CA80200A72BEF /* MyProfileViewModel.swift */,
				E48131992C6CAA6600A72BEF /* MyProfileMenuType.swift */,
				E481319E2C6CB1FB00A72BEF /* MyProfileDescEditView.swift */,
			);
			path = MyProfile;
			sourceTree = "<group>";
		};
		E48131A42C6CFBA000A72BEF /* PhotoService */ = {
			isa = PBXGroup;
			children = (
				E48131A22C6CFABB00A72BEF /* PhotoPickerService.swift */,
				E48131A52C6CFBB500A72BEF /* PhotoImage.swift */,
			);
			path = PhotoService;
			sourceTree = "<group>";
		};
		E48131B32C7243A300A72BEF /* Provider */ = {
			isa = PBXGroup;
			children = (
				E48131B42C7243B000A72BEF /* Upload */,
			);
			path = Provider;
			sourceTree = "<group>";
		};
		E48131B42C7243B000A72BEF /* Upload */ = {
			isa = PBXGroup;
			children = (
				E48131B52C7243C800A72BEF /* UploadProvider.swift */,
			);
			path = Upload;
			sourceTree = "<group>";
		};
		E48131B92C7244CD00A72BEF /* Upload */ = {
			isa = PBXGroup;
			children = (
				E48131B72C72443600A72BEF /* UploadService.swift */,
				E48131BA2C7244DB00A72BEF /* UploadSourceType.swift */,
			);
			path = Upload;
			sourceTree = "<group>";
		};
		E48131C02C7322AB00A72BEF /* ImageCache */ = {
			isa = PBXGroup;
			children = (
				E48131BE2C73223000A72BEF /* ImageCacheService.swift */,
				E48131C12C7322CB00A72BEF /* MemoryStorage.swift */,
				E48131C32C73238A00A72BEF /* DiskStorage.swift */,
			);
			name = ImageCache;
			sourceTree = "<group>";
		};
		E48131C72C732A5100A72BEF /* URLImage */ = {
			isa = PBXGroup;
			children = (
				E48131C52C732A3F00A72BEF /* URLImageView.swift */,
				E48131C82C732A6000A72BEF /* URLImageViewModel.swift */,
			);
			path = URLImage;
			sourceTree = "<group>";
		};
		E4EA253B2C857AA800DC5D55 /* OtherProfile */ = {
			isa = PBXGroup;
			children = (
				E4F56C012C6BB95D00FE4DDF /* OtherProfileView.swift */,
				E4EA253C2C857AB800DC5D55 /* OtherProfileViewModel.swift */,
				E4EA253E2C857CEB00DC5D55 /* OtherProfileMenuType.swift */,
			);
			path = OtherProfile;
			sourceTree = "<group>";
		};
		E4EA25442C85846500DC5D55 /* Chat */ = {
			isa = PBXGroup;
			children = (
				E4EA25452C85846E00DC5D55 /* ChatRoomService.swift */,
			);
			path = Chat;
			sourceTree = "<group>";
		};
		E4EA25492C85879800DC5D55 /* Navi */ = {
			isa = PBXGroup;
			children = (
				E4EA254A2C8587CD00DC5D55 /* NavigationDestination.swift */,
				E4EA254C2C858C6D00DC5D55 /* NavigationRouter.swift */,
			);
			path = Navi;
			sourceTree = "<group>";
		};
		E4EA254E2C858E2900DC5D55 /* Chat */ = {
			isa = PBXGroup;
			children = (
				E4EA25502C858E3600DC5D55 /* ChatView.swift */,
			);
			path = Chat;
			sourceTree = "<group>";
		};
		E4EA254F2C858E2E00DC5D55 /* Search */ = {
			isa = PBXGroup;
			children = (
				E4EA25522C858E4E00DC5D55 /* SearchView.swift */,
			);
			path = Search;
			sourceTree = "<group>";
		};
		E4F56B1D2C60E42A00FE4DDF = {
			isa = PBXGroup;
			children = (
				E4F56B282C60E42A00FE4DDF /* MessengerApp */,
				E4F56B272C60E42A00FE4DDF /* Products */,
				E4F56BE02C674A4400FE4DDF /* Frameworks */,
			);
			sourceTree = "<group>";
		};
		E4F56B272C60E42A00FE4DDF /* Products */ = {
			isa = PBXGroup;
			children = (
				E4F56B262C60E42A00FE4DDF /* MessengerApp.app */,
			);
			name = Products;
			sourceTree = "<group>";
		};
		E4F56B282C60E42A00FE4DDF /* MessengerApp */ = {
			isa = PBXGroup;
			children = (
				E4F56BCE2C65F54700FE4DDF /* MessengerApp.entitlements */,
				E4F56B3D2C62154500FE4DDF /* Info.plist */,
				E4F56BB22C63604700FE4DDF /* AppDelegate.swift */,
				E4F56B292C60E42A00FE4DDF /* MessengerAppApp.swift */,
				E4F56B3E2C6215A400FE4DDF /* Launch Screen.storyboard */,
				E48131B32C7243A300A72BEF /* Provider */,
				E4F56BE32C674D9B00FE4DDF /* Repository */,
				E4F56B462C621E8500FE4DDF /* View */,
				E4F56BCF2C65F75C00FE4DDF /* Util */,
				E4F56BC92C649D7000FE4DDF /* Model */,
				E4F56B432C621DD800FE4DDF /* Service */,
				E4F56B402C621D2100FE4DDF /* General */,
				E4F56B3A2C62147200FE4DDF /* Extension */,
				E4F56B392C6210A700FE4DDF /* Resource */,
				E4F56B2F2C60E42C00FE4DDF /* Preview Content */,
			);
			path = MessengerApp;
			sourceTree = "<group>";
		};
		E4F56B2F2C60E42C00FE4DDF /* Preview Content */ = {
			isa = PBXGroup;
			children = (
				E4F56B302C60E42C00FE4DDF /* Preview Assets.xcassets */,
			);
			path = "Preview Content";
			sourceTree = "<group>";
		};
		E4F56B392C6210A700FE4DDF /* Resource */ = {
			isa = PBXGroup;
			children = (
				E4F56B2D2C60E42C00FE4DDF /* Assets.xcassets */,
				E4F56B372C620ECE00FE4DDF /* Colors.xcassets */,
			);
			path = Resource;
			sourceTree = "<group>";
		};
		E4F56B3A2C62147200FE4DDF /* Extension */ = {
			isa = PBXGroup;
			children = (
				E4F56B3B2C62148800FE4DDF /* Color + Extension.swift */,
			);
			path = Extension;
			sourceTree = "<group>";
		};
		E4F56B402C621D2100FE4DDF /* General */ = {
			isa = PBXGroup;
			children = (
				E4EA25492C85879800DC5D55 /* Navi */,
				E4F56BF52C6BB4E200FE4DDF /* View */,
				E4F56B412C621DC100FE4DDF /* DIContainer.swift */,
				E4F56BED2C67555800FE4DDF /* Constant.swift */,
				E4F56BF32C6BB36D00FE4DDF /* Phase.swift */,
			);
			path = General;
			sourceTree = "<group>";
		};
		E4F56B432C621DD800FE4DDF /* Service */ = {
			isa = PBXGroup;
			children = (
				E4EA25442C85846500DC5D55 /* Chat */,
				E48131C02C7322AB00A72BEF /* ImageCache */,
				E48131B92C7244CD00A72BEF /* Upload */,
				E48131A42C6CFBA000A72BEF /* PhotoService */,
				E4F56B442C621DE600FE4DDF /* Services.swift */,
				E4F56BE62C674DE800FE4DDF /* UserService.swift */,
				E4F56BB62C6362DF00FE4DDF /* AuthenticationService.swift */,
				E4F56C052C6C925100FE4DDF /* ContactService.swift */,
				E4F56BCC2C649DE300FE4DDF /* ServiceError.swift */,
			);
			path = Service;
			sourceTree = "<group>";
		};
		E4F56B462C621E8500FE4DDF /* View */ = {
			isa = PBXGroup;
			children = (
				E4EA254E2C858E2900DC5D55 /* Chat */,
				E4EA254F2C858E2E00DC5D55 /* Search */,
				E4F56B472C621E8900FE4DDF /* Authenticated */,
				E4F56BB92C63656A00FE4DDF /* MainTabView */,
				E4F56BDB2C673DCF00FE4DDF /* ChatList */,
				E4F56BD82C673DA100FE4DDF /* Home */,
				E4F56BFE2C6BB94200FE4DDF /* Profile */,
				E4F56BB82C63656600FE4DDF /* Login */,
			);
			path = View;
			sourceTree = "<group>";
		};
		E4F56B472C621E8900FE4DDF /* Authenticated */ = {
			isa = PBXGroup;
			children = (
				E4F56B2B2C60E42A00FE4DDF /* AuthenticatedView.swift */,
				E4F56B482C621E9E00FE4DDF /* AuthenticatedViewModel.swift */,
			);
			path = Authenticated;
			sourceTree = "<group>";
		};
		E4F56BB82C63656600FE4DDF /* Login */ = {
			isa = PBXGroup;
			children = (
				E4F56BBA2C63659600FE4DDF /* LoginIntroView.swift */,
				E4F56BC02C636DF600FE4DDF /* LoginView.swift */,
				E4F56BC22C6492ED00FE4DDF /* LoginButtonStyle.swift */,
			);
			path = Login;
			sourceTree = "<group>";
		};
		E4F56BB92C63656A00FE4DDF /* MainTabView */ = {
			isa = PBXGroup;
			children = (
				E4F56BBC2C6365A800FE4DDF /* MainTabView.swift */,
				E4F56BD62C673C6E00FE4DDF /* MainTabType.swift */,
			);
			path = MainTabView;
			sourceTree = "<group>";
		};
		E4F56BC92C649D7000FE4DDF /* Model */ = {
			isa = PBXGroup;
			children = (
				E4F56BCA2C649D8100FE4DDF /* User.swift */,
				E4EA25472C85850000DC5D55 /* ChatRoom.swift */,
			);
			path = Model;
			sourceTree = "<group>";
		};
		E4F56BCF2C65F75C00FE4DDF /* Util */ = {
			isa = PBXGroup;
			children = (
				E4F56BD02C65F78100FE4DDF /* randomNonceString.swift */,
				E4F56BD22C65F7A000FE4DDF /* sha256.swift */,
			);
			path = Util;
			sourceTree = "<group>";
		};
		E4F56BD82C673DA100FE4DDF /* Home */ = {
			isa = PBXGroup;
			children = (
				E4F56BD92C673DAC00FE4DDF /* HomeView.swift */,
				E4F56BDE2C67406A00FE4DDF /* HomeViewModel.swift */,
				E4F56BFC2C6BB7DD00FE4DDF /* HomeModalDestination.swift */,
			);
			path = Home;
			sourceTree = "<group>";
		};
		E4F56BDB2C673DCF00FE4DDF /* ChatList */ = {
			isa = PBXGroup;
			children = (
				E4F56BDC2C673DE000FE4DDF /* ChatListiView.swift */,
			);
			path = ChatList;
			sourceTree = "<group>";
		};
		E4F56BE02C674A4400FE4DDF /* Frameworks */ = {
			isa = PBXGroup;
			children = (
			);
			name = Frameworks;
			sourceTree = "<group>";
		};
		E4F56BE32C674D9B00FE4DDF /* Repository */ = {
			isa = PBXGroup;
			children = (
				E4F56BE82C67539F00FE4DDF /* DTO */,
				E4F56BE42C674DC600FE4DDF /* UserDBRepository.swift */,
				E4EA25402C85828D00DC5D55 /* ChatRoomDBRepository.swift */,
			);
			path = Repository;
			sourceTree = "<group>";
		};
		E4F56BE82C67539F00FE4DDF /* DTO */ = {
			isa = PBXGroup;
			children = (
				E4F56BE92C6753A700FE4DDF /* UserObject.swift */,
				E4F56BEB2C6753F700FE4DDF /* DBError.swift */,
				E4EA25422C8582E500DC5D55 /* ChatRoomObject.swift */,
			);
			path = DTO;
			sourceTree = "<group>";
		};
		E4F56BF52C6BB4E200FE4DDF /* View */ = {
			isa = PBXGroup;
			children = (
				E48131C72C732A5100A72BEF /* URLImage */,
				E4F56BF62C6BB4F600FE4DDF /* PlaceholderView.swift */,
				E4F56BF82C6BB54800FE4DDF /* LoadingView.swift */,
				E4F56BFA2C6BB5BE00FE4DDF /* ErrorView.swift */,
			);
			path = View;
			sourceTree = "<group>";
		};
		E4F56BFE2C6BB94200FE4DDF /* Profile */ = {
			isa = PBXGroup;
			children = (
				E4EA253B2C857AA800DC5D55 /* OtherProfile */,
				E481319B2C6CAA9200A72BEF /* MyProfile */,
			);
			path = Profile;
			sourceTree = "<group>";
		};
/* End PBXGroup section */

/* Begin PBXNativeTarget section */
		E4F56B252C60E42A00FE4DDF /* MessengerApp */ = {
			isa = PBXNativeTarget;
			buildConfigurationList = E4F56B342C60E42C00FE4DDF /* Build configuration list for PBXNativeTarget "MessengerApp" */;
			buildPhases = (
				E4F56B222C60E42A00FE4DDF /* Sources */,
				E4F56B232C60E42A00FE4DDF /* Frameworks */,
				E4F56B242C60E42A00FE4DDF /* Resources */,
			);
			buildRules = (
			);
			dependencies = (
			);
			name = MessengerApp;
			packageProductDependencies = (
				E4F56BAE2C63602C00FE4DDF /* FirebaseAuth */,
				E4F56BB02C63602C00FE4DDF /* FirebaseFirestore */,
				E4F56BC52C649B8C00FE4DDF /* GoogleSignIn */,
				E4F56BC72C649B8C00FE4DDF /* GoogleSignInSwift */,
				E4F56BE12C674A4400FE4DDF /* FirebaseDatabase */,
				E48131AD2C72435400A72BEF /* FirebaseStorage */,
				E48131AF2C72435400A72BEF /* FirebaseStorageCombine-Community */,
			);
			productName = MessengerApp;
			productReference = E4F56B262C60E42A00FE4DDF /* MessengerApp.app */;
			productType = "com.apple.product-type.application";
		};
/* End PBXNativeTarget section */

/* Begin PBXProject section */
		E4F56B1E2C60E42A00FE4DDF /* Project object */ = {
			isa = PBXProject;
			attributes = {
				BuildIndependentTargetsInParallel = 1;
				LastSwiftUpdateCheck = 1540;
				LastUpgradeCheck = 1540;
				TargetAttributes = {
					E4F56B252C60E42A00FE4DDF = {
						CreatedOnToolsVersion = 15.4;
					};
				};
			};
			buildConfigurationList = E4F56B212C60E42A00FE4DDF /* Build configuration list for PBXProject "MessengerApp" */;
			compatibilityVersion = "Xcode 14.0";
			developmentRegion = en;
			hasScannedForEncodings = 0;
			knownRegions = (
				en,
				Base,
			);
			mainGroup = E4F56B1D2C60E42A00FE4DDF;
			packageReferences = (
				E4F56BAD2C63602C00FE4DDF /* XCRemoteSwiftPackageReference "firebase-ios-sdk" */,
				E4F56BC42C649B8B00FE4DDF /* XCRemoteSwiftPackageReference "GoogleSignIn-iOS" */,
			);
			productRefGroup = E4F56B272C60E42A00FE4DDF /* Products */;
			projectDirPath = "";
			projectRoot = "";
			targets = (
				E4F56B252C60E42A00FE4DDF /* MessengerApp */,
			);
		};
/* End PBXProject section */

/* Begin PBXResourcesBuildPhase section */
		E4F56B242C60E42A00FE4DDF /* Resources */ = {
			isa = PBXResourcesBuildPhase;
			buildActionMask = 2147483647;
			files = (
				E4F56B312C60E42C00FE4DDF /* Preview Assets.xcassets in Resources */,
				E4F56B2E2C60E42C00FE4DDF /* Assets.xcassets in Resources */,
				E4F56B3F2C6215A400FE4DDF /* Launch Screen.storyboard in Resources */,
				E4F56B382C620ECE00FE4DDF /* Colors.xcassets in Resources */,
			);
			runOnlyForDeploymentPostprocessing = 0;
		};
/* End PBXResourcesBuildPhase section */

/* Begin PBXSourcesBuildPhase section */
		E4F56B222C60E42A00FE4DDF /* Sources */ = {
			isa = PBXSourcesBuildPhase;
			buildActionMask = 2147483647;
			files = (
				E4F56BEC2C6753F800FE4DDF /* DBError.swift in Sources */,
				E4F56BD32C65F7A000FE4DDF /* sha256.swift in Sources */,
				E4F56BD72C673C6E00FE4DDF /* MainTabType.swift in Sources */,
				E48131A32C6CFABB00A72BEF /* PhotoPickerService.swift in Sources */,
				E4F56BCB2C649D8100FE4DDF /* User.swift in Sources */,
				E48131BB2C7244DB00A72BEF /* UploadSourceType.swift in Sources */,
				E4F56BEA2C6753A700FE4DDF /* UserObject.swift in Sources */,
				E4F56BFB2C6BB5BE00FE4DDF /* ErrorView.swift in Sources */,
				E4F56BF92C6BB54800FE4DDF /* LoadingView.swift in Sources */,
				E4F56BF42C6BB36D00FE4DDF /* Phase.swift in Sources */,
				E4EA25482C85850000DC5D55 /* ChatRoom.swift in Sources */,
				E4F56C062C6C925100FE4DDF /* ContactService.swift in Sources */,
				E4F56BDF2C67406A00FE4DDF /* HomeViewModel.swift in Sources */,
				E4F56BBB2C63659600FE4DDF /* LoginIntroView.swift in Sources */,
				E4F56BF72C6BB4F600FE4DDF /* PlaceholderView.swift in Sources */,
				E48131BF2C73223000A72BEF /* ImageCacheService.swift in Sources */,
				E4F56BFD2C6BB7DD00FE4DDF /* HomeModalDestination.swift in Sources */,
				E4EA25412C85828D00DC5D55 /* ChatRoomDBRepository.swift in Sources */,
				E4F56B492C621E9E00FE4DDF /* AuthenticatedViewModel.swift in Sources */,
				E48131B62C7243C800A72BEF /* UploadProvider.swift in Sources */,
				E4F56BE72C674DE900FE4DDF /* UserService.swift in Sources */,
				E4EA253D2C857AB800DC5D55 /* OtherProfileViewModel.swift in Sources */,
				E4F56BE52C674DC600FE4DDF /* UserDBRepository.swift in Sources */,
				E48131C42C73238A00A72BEF /* DiskStorage.swift in Sources */,
				E4F56BDD2C673DE000FE4DDF /* ChatListiView.swift in Sources */,
				E4F56B452C621DE600FE4DDF /* Services.swift in Sources */,
				E4EA254D2C858C6D00DC5D55 /* NavigationRouter.swift in Sources */,
				E4F56B422C621DC100FE4DDF /* DIContainer.swift in Sources */,
				E4F56B2C2C60E42A00FE4DDF /* AuthenticatedView.swift in Sources */,
				E4F56BB32C63604700FE4DDF /* AppDelegate.swift in Sources */,
				E48131A62C6CFBB500A72BEF /* PhotoImage.swift in Sources */,
				E4F56BDA2C673DAC00FE4DDF /* HomeView.swift in Sources */,
				E48131982C6CA80200A72BEF /* MyProfileViewModel.swift in Sources */,
				E4F56BB72C6362DF00FE4DDF /* AuthenticationService.swift in Sources */,
				E4EA253F2C857CEB00DC5D55 /* OtherProfileMenuType.swift in Sources */,
				E4F56BEE2C67555800FE4DDF /* Constant.swift in Sources */,
				E48131B82C72443600A72BEF /* UploadService.swift in Sources */,
				E4F56BC32C6492ED00FE4DDF /* LoginButtonStyle.swift in Sources */,
				E4F56B2A2C60E42A00FE4DDF /* MessengerAppApp.swift in Sources */,
				E48131C22C7322CB00A72BEF /* MemoryStorage.swift in Sources */,
				E4F56BD12C65F78100FE4DDF /* randomNonceString.swift in Sources */,
				E4EA25512C858E3600DC5D55 /* ChatView.swift in Sources */,
				E4EA25432C8582E500DC5D55 /* ChatRoomObject.swift in Sources */,
				E4F56BC12C636DF600FE4DDF /* LoginView.swift in Sources */,
				E4F56B3C2C62148800FE4DDF /* Color + Extension.swift in Sources */,
				E48131C62C732A3F00A72BEF /* URLImageView.swift in Sources */,
				E4F56BCD2C649DE300FE4DDF /* ServiceError.swift in Sources */,
				E4F56C002C6BB94E00FE4DDF /* MyProfileView.swift in Sources */,
				E4F56BBD2C6365A800FE4DDF /* MainTabView.swift in Sources */,
				E48131C92C732A6000A72BEF /* URLImageViewModel.swift in Sources */,
				E4EA254B2C8587CD00DC5D55 /* NavigationDestination.swift in Sources */,
				E4EA25462C85846E00DC5D55 /* ChatRoomService.swift in Sources */,
				E4EA25532C858E4E00DC5D55 /* SearchView.swift in Sources */,
				E481319F2C6CB1FB00A72BEF /* MyProfileDescEditView.swift in Sources */,
				E481319A2C6CAA6600A72BEF /* MyProfileMenuType.swift in Sources */,
				E4F56C022C6BB95D00FE4DDF /* OtherProfileView.swift in Sources */,
			);
			runOnlyForDeploymentPostprocessing = 0;
		};
/* End PBXSourcesBuildPhase section */

/* Begin XCBuildConfiguration section */
		E4F56B322C60E42C00FE4DDF /* Debug */ = {
			isa = XCBuildConfiguration;
			buildSettings = {
				ALWAYS_SEARCH_USER_PATHS = NO;
				ASSETCATALOG_COMPILER_GENERATE_SWIFT_ASSET_SYMBOL_EXTENSIONS = YES;
				CLANG_ANALYZER_NONNULL = YES;
				CLANG_ANALYZER_NUMBER_OBJECT_CONVERSION = YES_AGGRESSIVE;
				CLANG_CXX_LANGUAGE_STANDARD = "gnu++20";
				CLANG_ENABLE_MODULES = YES;
				CLANG_ENABLE_OBJC_ARC = YES;
				CLANG_ENABLE_OBJC_WEAK = YES;
				CLANG_WARN_BLOCK_CAPTURE_AUTORELEASING = YES;
				CLANG_WARN_BOOL_CONVERSION = YES;
				CLANG_WARN_COMMA = YES;
				CLANG_WARN_CONSTANT_CONVERSION = YES;
				CLANG_WARN_DEPRECATED_OBJC_IMPLEMENTATIONS = YES;
				CLANG_WARN_DIRECT_OBJC_ISA_USAGE = YES_ERROR;
				CLANG_WARN_DOCUMENTATION_COMMENTS = YES;
				CLANG_WARN_EMPTY_BODY = YES;
				CLANG_WARN_ENUM_CONVERSION = YES;
				CLANG_WARN_INFINITE_RECURSION = YES;
				CLANG_WARN_INT_CONVERSION = YES;
				CLANG_WARN_NON_LITERAL_NULL_CONVERSION = YES;
				CLANG_WARN_OBJC_IMPLICIT_RETAIN_SELF = YES;
				CLANG_WARN_OBJC_LITERAL_CONVERSION = YES;
				CLANG_WARN_OBJC_ROOT_CLASS = YES_ERROR;
				CLANG_WARN_QUOTED_INCLUDE_IN_FRAMEWORK_HEADER = YES;
				CLANG_WARN_RANGE_LOOP_ANALYSIS = YES;
				CLANG_WARN_STRICT_PROTOTYPES = YES;
				CLANG_WARN_SUSPICIOUS_MOVE = YES;
				CLANG_WARN_UNGUARDED_AVAILABILITY = YES_AGGRESSIVE;
				CLANG_WARN_UNREACHABLE_CODE = YES;
				CLANG_WARN__DUPLICATE_METHOD_MATCH = YES;
				COPY_PHASE_STRIP = NO;
				DEBUG_INFORMATION_FORMAT = dwarf;
				ENABLE_STRICT_OBJC_MSGSEND = YES;
				ENABLE_TESTABILITY = YES;
				ENABLE_USER_SCRIPT_SANDBOXING = YES;
				GCC_C_LANGUAGE_STANDARD = gnu17;
				GCC_DYNAMIC_NO_PIC = NO;
				GCC_NO_COMMON_BLOCKS = YES;
				GCC_OPTIMIZATION_LEVEL = 0;
				GCC_PREPROCESSOR_DEFINITIONS = (
					"DEBUG=1",
					"$(inherited)",
				);
				GCC_WARN_64_TO_32_BIT_CONVERSION = YES;
				GCC_WARN_ABOUT_RETURN_TYPE = YES_ERROR;
				GCC_WARN_UNDECLARED_SELECTOR = YES;
				GCC_WARN_UNINITIALIZED_AUTOS = YES_AGGRESSIVE;
				GCC_WARN_UNUSED_FUNCTION = YES;
				GCC_WARN_UNUSED_VARIABLE = YES;
				IPHONEOS_DEPLOYMENT_TARGET = 17.5;
				LOCALIZATION_PREFERS_STRING_CATALOGS = YES;
				MTL_ENABLE_DEBUG_INFO = INCLUDE_SOURCE;
				MTL_FAST_MATH = YES;
				ONLY_ACTIVE_ARCH = YES;
				SDKROOT = iphoneos;
				SWIFT_ACTIVE_COMPILATION_CONDITIONS = "DEBUG $(inherited)";
				SWIFT_OPTIMIZATION_LEVEL = "-Onone";
			};
			name = Debug;
		};
		E4F56B332C60E42C00FE4DDF /* Release */ = {
			isa = XCBuildConfiguration;
			buildSettings = {
				ALWAYS_SEARCH_USER_PATHS = NO;
				ASSETCATALOG_COMPILER_GENERATE_SWIFT_ASSET_SYMBOL_EXTENSIONS = YES;
				CLANG_ANALYZER_NONNULL = YES;
				CLANG_ANALYZER_NUMBER_OBJECT_CONVERSION = YES_AGGRESSIVE;
				CLANG_CXX_LANGUAGE_STANDARD = "gnu++20";
				CLANG_ENABLE_MODULES = YES;
				CLANG_ENABLE_OBJC_ARC = YES;
				CLANG_ENABLE_OBJC_WEAK = YES;
				CLANG_WARN_BLOCK_CAPTURE_AUTORELEASING = YES;
				CLANG_WARN_BOOL_CONVERSION = YES;
				CLANG_WARN_COMMA = YES;
				CLANG_WARN_CONSTANT_CONVERSION = YES;
				CLANG_WARN_DEPRECATED_OBJC_IMPLEMENTATIONS = YES;
				CLANG_WARN_DIRECT_OBJC_ISA_USAGE = YES_ERROR;
				CLANG_WARN_DOCUMENTATION_COMMENTS = YES;
				CLANG_WARN_EMPTY_BODY = YES;
				CLANG_WARN_ENUM_CONVERSION = YES;
				CLANG_WARN_INFINITE_RECURSION = YES;
				CLANG_WARN_INT_CONVERSION = YES;
				CLANG_WARN_NON_LITERAL_NULL_CONVERSION = YES;
				CLANG_WARN_OBJC_IMPLICIT_RETAIN_SELF = YES;
				CLANG_WARN_OBJC_LITERAL_CONVERSION = YES;
				CLANG_WARN_OBJC_ROOT_CLASS = YES_ERROR;
				CLANG_WARN_QUOTED_INCLUDE_IN_FRAMEWORK_HEADER = YES;
				CLANG_WARN_RANGE_LOOP_ANALYSIS = YES;
				CLANG_WARN_STRICT_PROTOTYPES = YES;
				CLANG_WARN_SUSPICIOUS_MOVE = YES;
				CLANG_WARN_UNGUARDED_AVAILABILITY = YES_AGGRESSIVE;
				CLANG_WARN_UNREACHABLE_CODE = YES;
				CLANG_WARN__DUPLICATE_METHOD_MATCH = YES;
				COPY_PHASE_STRIP = NO;
				DEBUG_INFORMATION_FORMAT = "dwarf-with-dsym";
				ENABLE_NS_ASSERTIONS = NO;
				ENABLE_STRICT_OBJC_MSGSEND = YES;
				ENABLE_USER_SCRIPT_SANDBOXING = YES;
				GCC_C_LANGUAGE_STANDARD = gnu17;
				GCC_NO_COMMON_BLOCKS = YES;
				GCC_WARN_64_TO_32_BIT_CONVERSION = YES;
				GCC_WARN_ABOUT_RETURN_TYPE = YES_ERROR;
				GCC_WARN_UNDECLARED_SELECTOR = YES;
				GCC_WARN_UNINITIALIZED_AUTOS = YES_AGGRESSIVE;
				GCC_WARN_UNUSED_FUNCTION = YES;
				GCC_WARN_UNUSED_VARIABLE = YES;
				IPHONEOS_DEPLOYMENT_TARGET = 17.5;
				LOCALIZATION_PREFERS_STRING_CATALOGS = YES;
				MTL_ENABLE_DEBUG_INFO = NO;
				MTL_FAST_MATH = YES;
				SDKROOT = iphoneos;
				SWIFT_COMPILATION_MODE = wholemodule;
				VALIDATE_PRODUCT = YES;
			};
			name = Release;
		};
		E4F56B352C60E42C00FE4DDF /* Debug */ = {
			isa = XCBuildConfiguration;
			buildSettings = {
				ASSETCATALOG_COMPILER_APPICON_NAME = AppIcon;
				ASSETCATALOG_COMPILER_GLOBAL_ACCENT_COLOR_NAME = AccentColor;
				CODE_SIGN_ENTITLEMENTS = MessengerApp/MessengerApp.entitlements;
				CODE_SIGN_STYLE = Automatic;
				CURRENT_PROJECT_VERSION = 1;
				DEVELOPMENT_ASSET_PATHS = "\"MessengerApp/Preview Content\"";
				DEVELOPMENT_TEAM = Q653PU93R6;
				ENABLE_PREVIEWS = YES;
				GENERATE_INFOPLIST_FILE = YES;
				INFOPLIST_FILE = MessengerApp/Info.plist;
				INFOPLIST_KEY_NSContactsUsageDescription = "친구 목록을 가져옵니다.";
				INFOPLIST_KEY_UIApplicationSceneManifest_Generation = YES;
				INFOPLIST_KEY_UIApplicationSupportsIndirectInputEvents = YES;
				INFOPLIST_KEY_UILaunchStoryboardName = "Launch Screen";
				INFOPLIST_KEY_UISupportedInterfaceOrientations = UIInterfaceOrientationPortrait;
				IPHONEOS_DEPLOYMENT_TARGET = 16.0;
				LD_RUNPATH_SEARCH_PATHS = (
					"$(inherited)",
					"@executable_path/Frameworks",
				);
				MARKETING_VERSION = 1.0;
				PRODUCT_BUNDLE_IDENTIFIER = WEDLE.MessengerApp;
				PRODUCT_NAME = "$(TARGET_NAME)";
				SWIFT_EMIT_LOC_STRINGS = YES;
				SWIFT_VERSION = 5.0;
				TARGETED_DEVICE_FAMILY = "1,2";
			};
			name = Debug;
		};
		E4F56B362C60E42C00FE4DDF /* Release */ = {
			isa = XCBuildConfiguration;
			buildSettings = {
				ASSETCATALOG_COMPILER_APPICON_NAME = AppIcon;
				ASSETCATALOG_COMPILER_GLOBAL_ACCENT_COLOR_NAME = AccentColor;
				CODE_SIGN_ENTITLEMENTS = MessengerApp/MessengerApp.entitlements;
				CODE_SIGN_STYLE = Automatic;
				CURRENT_PROJECT_VERSION = 1;
				DEVELOPMENT_ASSET_PATHS = "\"MessengerApp/Preview Content\"";
				DEVELOPMENT_TEAM = Q653PU93R6;
				ENABLE_PREVIEWS = YES;
				GENERATE_INFOPLIST_FILE = YES;
				INFOPLIST_FILE = MessengerApp/Info.plist;
				INFOPLIST_KEY_NSContactsUsageDescription = "친구 목록을 가져옵니다.";
				INFOPLIST_KEY_UIApplicationSceneManifest_Generation = YES;
				INFOPLIST_KEY_UIApplicationSupportsIndirectInputEvents = YES;
				INFOPLIST_KEY_UILaunchStoryboardName = "Launch Screen";
				INFOPLIST_KEY_UISupportedInterfaceOrientations = UIInterfaceOrientationPortrait;
				IPHONEOS_DEPLOYMENT_TARGET = 16.0;
				LD_RUNPATH_SEARCH_PATHS = (
					"$(inherited)",
					"@executable_path/Frameworks",
				);
				MARKETING_VERSION = 1.0;
				PRODUCT_BUNDLE_IDENTIFIER = WEDLE.MessengerApp;
				PRODUCT_NAME = "$(TARGET_NAME)";
				SWIFT_EMIT_LOC_STRINGS = YES;
				SWIFT_VERSION = 5.0;
				TARGETED_DEVICE_FAMILY = "1,2";
			};
			name = Release;
		};
/* End XCBuildConfiguration section */

/* Begin XCConfigurationList section */
		E4F56B212C60E42A00FE4DDF /* Build configuration list for PBXProject "MessengerApp" */ = {
			isa = XCConfigurationList;
			buildConfigurations = (
				E4F56B322C60E42C00FE4DDF /* Debug */,
				E4F56B332C60E42C00FE4DDF /* Release */,
			);
			defaultConfigurationIsVisible = 0;
			defaultConfigurationName = Release;
		};
		E4F56B342C60E42C00FE4DDF /* Build configuration list for PBXNativeTarget "MessengerApp" */ = {
			isa = XCConfigurationList;
			buildConfigurations = (
				E4F56B352C60E42C00FE4DDF /* Debug */,
				E4F56B362C60E42C00FE4DDF /* Release */,
			);
			defaultConfigurationIsVisible = 0;
			defaultConfigurationName = Release;
		};
/* End XCConfigurationList section */

/* Begin XCRemoteSwiftPackageReference section */
		E4F56BAD2C63602C00FE4DDF /* XCRemoteSwiftPackageReference "firebase-ios-sdk" */ = {
			isa = XCRemoteSwiftPackageReference;
			repositoryURL = "https://github.com/firebase/firebase-ios-sdk";
			requirement = {
				kind = upToNextMajorVersion;
				minimumVersion = 11.0.0;
			};
		};
		E4F56BC42C649B8B00FE4DDF /* XCRemoteSwiftPackageReference "GoogleSignIn-iOS" */ = {
			isa = XCRemoteSwiftPackageReference;
			repositoryURL = "https://github.com/google/GoogleSignIn-iOS";
			requirement = {
				kind = upToNextMajorVersion;
				minimumVersion = 7.1.0;
			};
		};
/* End XCRemoteSwiftPackageReference section */

/* Begin XCSwiftPackageProductDependency section */
		E48131AD2C72435400A72BEF /* FirebaseStorage */ = {
			isa = XCSwiftPackageProductDependency;
			package = E4F56BAD2C63602C00FE4DDF /* XCRemoteSwiftPackageReference "firebase-ios-sdk" */;
			productName = FirebaseStorage;
		};
		E48131AF2C72435400A72BEF /* FirebaseStorageCombine-Community */ = {
			isa = XCSwiftPackageProductDependency;
			package = E4F56BAD2C63602C00FE4DDF /* XCRemoteSwiftPackageReference "firebase-ios-sdk" */;
			productName = "FirebaseStorageCombine-Community";
		};
		E4F56BAE2C63602C00FE4DDF /* FirebaseAuth */ = {
			isa = XCSwiftPackageProductDependency;
			package = E4F56BAD2C63602C00FE4DDF /* XCRemoteSwiftPackageReference "firebase-ios-sdk" */;
			productName = FirebaseAuth;
		};
		E4F56BB02C63602C00FE4DDF /* FirebaseFirestore */ = {
			isa = XCSwiftPackageProductDependency;
			package = E4F56BAD2C63602C00FE4DDF /* XCRemoteSwiftPackageReference "firebase-ios-sdk" */;
			productName = FirebaseFirestore;
		};
		E4F56BC52C649B8C00FE4DDF /* GoogleSignIn */ = {
			isa = XCSwiftPackageProductDependency;
			package = E4F56BC42C649B8B00FE4DDF /* XCRemoteSwiftPackageReference "GoogleSignIn-iOS" */;
			productName = GoogleSignIn;
		};
		E4F56BC72C649B8C00FE4DDF /* GoogleSignInSwift */ = {
			isa = XCSwiftPackageProductDependency;
			package = E4F56BC42C649B8B00FE4DDF /* XCRemoteSwiftPackageReference "GoogleSignIn-iOS" */;
			productName = GoogleSignInSwift;
		};
		E4F56BE12C674A4400FE4DDF /* FirebaseDatabase */ = {
			isa = XCSwiftPackageProductDependency;
			package = E4F56BAD2C63602C00FE4DDF /* XCRemoteSwiftPackageReference "firebase-ios-sdk" */;
			productName = FirebaseDatabase;
		};
/* End XCSwiftPackageProductDependency section */
	};
	rootObject = E4F56B1E2C60E42A00FE4DDF /* Project object */;
}
